
Microsoft Visual Studio Solution File, Format Version 12.00
# Visual Studio Version 17
VisualStudioVersion = 17.0.31903.59
MinimumVisualStudioVersion = 10.0.40219.1
Project("{2150E333-8FDC-42A3-9474-1A3956D46DE8}") = "src", "src", "{827E0CD3-B72D-47B6-A68D-7590B98EB39B}"
EndProject
Project("{FAE04EC0-301F-11D3-BF4B-00C04F79EFBC}") = "Classroom.Client", "src\Classroom.Client\Classroom.Client.csproj", "{C9F41709-3DA0-4741-9181-FA14A0F370E0}"
EndProject
Project("{FAE04EC0-301F-11D3-BF4B-00C04F79EFBC}") = "Classroom.Contracts", "src\Classroom.Contracts\Classroom.Contracts.csproj", "{D6349A20-1875-4061-9933-8341768D8C5B}"
EndProject
Project("{FAE04EC0-301F-11D3-BF4B-00C04F79EFBC}") = "Classroom.Desktop", "src\Classroom.Desktop\Classroom.Desktop.csproj", "{C582C4B3-FCF7-4CDE-A294-1C8DD8753FD9}"
EndProject
Project("{FAE04EC0-301F-11D3-BF4B-00C04F79EFBC}") = "Classroom.Domain", "src\Classroom.Domain\Classroom.Domain.csproj", "{77192E18-7896-493A-84AF-7478FFE38FAF}"
EndProject
Project("{FAE04EC0-301F-11D3-BF4B-00C04F79EFBC}") = "Classroom.Server", "src\Classroom.Server\Classroom.Server.csproj", "{7AD34039-25D4-4EB0-8B1A-762BE6F6D7F0}"
EndProject
Project("{FAE04EC0-301F-11D3-BF4B-00C04F79EFBC}") = "Classroom.Storage", "src\Classroom.Storage\Classroom.Storage.csproj", "{A54C54E0-C975-4757-8343-C55C111F4871}"
EndProject
Project("{FAE04EC0-301F-11D3-BF4B-00C04F79EFBC}") = "Classroom.Student", "src\Classroom.Student\Classroom.Student.csproj", "{B14ABA5D-8CA0-4C4E-B66A-DEC431A4F505}"
EndProject
Project("{FAE04EC0-301F-11D3-BF4B-00C04F79EFBC}") = "Classroom.Teacher", "src\Classroom.Teacher\Classroom.Teacher.csproj", "{8794DBD7-D8B3-4679-A63D-5000D1200A0C}"
EndProject
Project("{FAE04EC0-301F-11D3-BF4B-00C04F79EFBC}") = "Classroom.Worker", "src\Classroom.Worker\Classroom.Worker.csproj", "{98EFE346-03A9-4544-94B2-4A0EB91C815D}"
EndProject
Project("{2150E333-8FDC-42A3-9474-1A3956D46DE8}") = "tests", "tests", "{0AB3BF05-4346-4AA6-1389-037BE0695223}"
EndProject
Project("{FAE04EC0-301F-11D3-BF4B-00C04F79EFBC}") = "Classroom.Tests", "tests\Classroom.Tests\Classroom.Tests.csproj", "{7F22D718-1472-4F7A-AAB2-E38549927573}"
EndProject
Project("{FAE04EC0-301F-11D3-BF4B-00C04F79EFBC}") = "Classroom.UiTests", "tests\Classroom.UiTests\Classroom.UiTests.csproj", "{D7C2BECB-BED2-4227-8ED7-5758B8E48482}"
EndProject
Global
	GlobalSection(SolutionConfigurationPlatforms) = preSolution
		Debug|Any CPU = Debug|Any CPU
		Debug|x64 = Debug|x64
		Debug|x86 = Debug|x86
		Release|Any CPU = Release|Any CPU
		Release|x64 = Release|x64
		Release|x86 = Release|x86
	EndGlobalSection
	GlobalSection(ProjectConfigurationPlatforms) = postSolution
		{C9F41709-3DA0-4741-9181-FA14A0F370E0}.Debug|Any CPU.ActiveCfg = Debug|Any CPU
		{C9F41709-3DA0-4741-9181-FA14A0F370E0}.Debug|Any CPU.Build.0 = Debug|Any CPU
		{C9F41709-3DA0-4741-9181-FA14A0F370E0}.Debug|x64.ActiveCfg = Debug|Any CPU
		{C9F41709-3DA0-4741-9181-FA14A0F370E0}.Debug|x64.Build.0 = Debug|Any CPU
		{C9F41709-3DA0-4741-9181-FA14A0F370E0}.Debug|x86.ActiveCfg = Debug|Any CPU
		{C9F41709-3DA0-4741-9181-FA14A0F370E0}.Debug|x86.Build.0 = Debug|Any CPU
		{C9F41709-3DA0-4741-9181-FA14A0F370E0}.Release|Any CPU.ActiveCfg = Release|Any CPU
		{C9F41709-3DA0-4741-9181-FA14A0F370E0}.Release|Any CPU.Build.0 = Release|Any CPU
		{C9F41709-3DA0-4741-9181-FA14A0F370E0}.Release|x64.ActiveCfg = Release|Any CPU
		{C9F41709-3DA0-4741-9181-FA14A0F370E0}.Release|x64.Build.0 = Release|Any CPU
		{C9F41709-3DA0-4741-9181-FA14A0F370E0}.Release|x86.ActiveCfg = Release|Any CPU
		{C9F41709-3DA0-4741-9181-FA14A0F370E0}.Release|x86.Build.0 = Release|Any CPU
		{D6349A20-1875-4061-9933-8341768D8C5B}.Debug|Any CPU.ActiveCfg = Debug|Any CPU
		{D6349A20-1875-4061-9933-8341768D8C5B}.Debug|Any CPU.Build.0 = Debug|Any CPU
		{D6349A20-1875-4061-9933-8341768D8C5B}.Debug|x64.ActiveCfg = Debug|Any CPU
		{D6349A20-1875-4061-9933-8341768D8C5B}.Debug|x64.Build.0 = Debug|Any CPU
		{D6349A20-1875-4061-9933-8341768D8C5B}.Debug|x86.ActiveCfg = Debug|Any CPU
		{D6349A20-1875-4061-9933-8341768D8C5B}.Debug|x86.Build.0 = Debug|Any CPU
		{D6349A20-1875-4061-9933-8341768D8C5B}.Release|Any CPU.ActiveCfg = Release|Any CPU
		{D6349A20-1875-4061-9933-8341768D8C5B}.Release|Any CPU.Build.0 = Release|Any CPU
		{D6349A20-1875-4061-9933-8341768D8C5B}.Release|x64.ActiveCfg = Release|Any CPU
		{D6349A20-1875-4061-9933-8341768D8C5B}.Release|x64.Build.0 = Release|Any CPU
		{D6349A20-1875-4061-9933-8341768D8C5B}.Release|x86.ActiveCfg = Release|Any CPU
		{D6349A20-1875-4061-9933-8341768D8C5B}.Release|x86.Build.0 = Release|Any CPU
		{C582C4B3-FCF7-4CDE-A294-1C8DD8753FD9}.Debug|Any CPU.ActiveCfg = Debug|Any CPU
		{C582C4B3-FCF7-4CDE-A294-1C8DD8753FD9}.Debug|Any CPU.Build.0 = Debug|Any CPU
		{C582C4B3-FCF7-4CDE-A294-1C8DD8753FD9}.Debug|x64.ActiveCfg = Debug|Any CPU
		{C582C4B3-FCF7-4CDE-A294-1C8DD8753FD9}.Debug|x64.Build.0 = Debug|Any CPU
		{C582C4B3-FCF7-4CDE-A294-1C8DD8753FD9}.Debug|x86.ActiveCfg = Debug|Any CPU
		{C582C4B3-FCF7-4CDE-A294-1C8DD8753FD9}.Debug|x86.Build.0 = Debug|Any CPU
		{C582C4B3-FCF7-4CDE-A294-1C8DD8753FD9}.Release|Any CPU.ActiveCfg = Release|Any CPU
		{C582C4B3-FCF7-4CDE-A294-1C8DD8753FD9}.Release|Any CPU.Build.0 = Release|Any CPU
		{C582C4B3-FCF7-4CDE-A294-1C8DD8753FD9}.Release|x64.ActiveCfg = Release|Any CPU
		{C582C4B3-FCF7-4CDE-A294-1C8DD8753FD9}.Release|x64.Build.0 = Release|Any CPU
		{C582C4B3-FCF7-4CDE-A294-1C8DD8753FD9}.Release|x86.ActiveCfg = Release|Any CPU
		{C582C4B3-FCF7-4CDE-A294-1C8DD8753FD9}.Release|x86.Build.0 = Release|Any CPU
		{77192E18-7896-493A-84AF-7478FFE38FAF}.Debug|Any CPU.ActiveCfg = Debug|Any CPU
		{77192E18-7896-493A-84AF-7478FFE38FAF}.Debug|Any CPU.Build.0 = Debug|Any CPU
		{77192E18-7896-493A-84AF-7478FFE38FAF}.Debug|x64.ActiveCfg = Debug|Any CPU
		{77192E18-7896-493A-84AF-7478FFE38FAF}.Debug|x64.Build.0 = Debug|Any CPU
		{77192E18-7896-493A-84AF-7478FFE38FAF}.Debug|x86.ActiveCfg = Debug|Any CPU
		{77192E18-7896-493A-84AF-7478FFE38FAF}.Debug|x86.Build.0 = Debug|Any CPU
		{77192E18-7896-493A-84AF-7478FFE38FAF}.Release|Any CPU.ActiveCfg = Release|Any CPU
		{77192E18-7896-493A-84AF-7478FFE38FAF}.Release|Any CPU.Build.0 = Release|Any CPU
		{77192E18-7896-493A-84AF-7478FFE38FAF}.Release|x64.ActiveCfg = Release|Any CPU
		{77192E18-7896-493A-84AF-7478FFE38FAF}.Release|x64.Build.0 = Release|Any CPU
		{77192E18-7896-493A-84AF-7478FFE38FAF}.Release|x86.ActiveCfg = Release|Any CPU
		{77192E18-7896-493A-84AF-7478FFE38FAF}.Release|x86.Build.0 = Release|Any CPU
		{7AD34039-25D4-4EB0-8B1A-762BE6F6D7F0}.Debug|Any CPU.ActiveCfg = Debug|Any CPU
		{7AD34039-25D4-4EB0-8B1A-762BE6F6D7F0}.Debug|Any CPU.Build.0 = Debug|Any CPU
		{7AD34039-25D4-4EB0-8B1A-762BE6F6D7F0}.Debug|x64.ActiveCfg = Debug|Any CPU
		{7AD34039-25D4-4EB0-8B1A-762BE6F6D7F0}.Debug|x64.Build.0 = Debug|Any CPU
		{7AD34039-25D4-4EB0-8B1A-762BE6F6D7F0}.Debug|x86.ActiveCfg = Debug|Any CPU
		{7AD34039-25D4-4EB0-8B1A-762BE6F6D7F0}.Debug|x86.Build.0 = Debug|Any CPU
		{7AD34039-25D4-4EB0-8B1A-762BE6F6D7F0}.Release|Any CPU.ActiveCfg = Release|Any CPU
		{7AD34039-25D4-4EB0-8B1A-762BE6F6D7F0}.Release|Any CPU.Build.0 = Release|Any CPU
		{7AD34039-25D4-4EB0-8B1A-762BE6F6D7F0}.Release|x64.ActiveCfg = Release|Any CPU
		{7AD34039-25D4-4EB0-8B1A-762BE6F6D7F0}.Release|x64.Build.0 = Release|Any CPU
		{7AD34039-25D4-4EB0-8B1A-762BE6F6D7F0}.Release|x86.ActiveCfg = Release|Any CPU
		{7AD34039-25D4-4EB0-8B1A-762BE6F6D7F0}.Release|x86.Build.0 = Release|Any CPU
		{A54C54E0-C975-4757-8343-C55C111F4871}.Debug|Any CPU.ActiveCfg = Debug|Any CPU
		{A54C54E0-C975-4757-8343-C55C111F4871}.Debug|Any CPU.Build.0 = Debug|Any CPU
		{A54C54E0-C975-4757-8343-C55C111F4871}.Debug|x64.ActiveCfg = Debug|Any CPU
		{A54C54E0-C975-4757-8343-C55C111F4871}.Debug|x64.Build.0 = Debug|Any CPU
		{A54C54E0-C975-4757-8343-C55C111F4871}.Debug|x86.ActiveCfg = Debug|Any CPU
		{A54C54E0-C975-4757-8343-C55C111F4871}.Debug|x86.Build.0 = Debug|Any CPU
		{A54C54E0-C975-4757-8343-C55C111F4871}.Release|Any CPU.ActiveCfg = Release|Any CPU
		{A54C54E0-C975-4757-8343-C55C111F4871}.Release|Any CPU.Build.0 = Release|Any CPU
		{A54C54E0-C975-4757-8343-C55C111F4871}.Release|x64.ActiveCfg = Release|Any CPU
		{A54C54E0-C975-4757-8343-C55C111F4871}.Release|x64.Build.0 = Release|Any CPU
		{A54C54E0-C975-4757-8343-C55C111F4871}.Release|x86.ActiveCfg = Release|Any CPU
		{A54C54E0-C975-4757-8343-C55C111F4871}.Release|x86.Build.0 = Release|Any CPU
		{B14ABA5D-8CA0-4C4E-B66A-DEC431A4F505}.Debug|Any CPU.ActiveCfg = Debug|Any CPU
		{B14ABA5D-8CA0-4C4E-B66A-DEC431A4F505}.Debug|Any CPU.Build.0 = Debug|Any CPU
		{B14ABA5D-8CA0-4C4E-B66A-DEC431A4F505}.Debug|x64.ActiveCfg = Debug|Any CPU
		{B14ABA5D-8CA0-4C4E-B66A-DEC431A4F505}.Debug|x64.Build.0 = Debug|Any CPU
		{B14ABA5D-8CA0-4C4E-B66A-DEC431A4F505}.Debug|x86.ActiveCfg = Debug|Any CPU
		{B14ABA5D-8CA0-4C4E-B66A-DEC431A4F505}.Debug|x86.Build.0 = Debug|Any CPU
		{B14ABA5D-8CA0-4C4E-B66A-DEC431A4F505}.Release|Any CPU.ActiveCfg = Release|Any CPU
		{B14ABA5D-8CA0-4C4E-B66A-DEC431A4F505}.Release|Any CPU.Build.0 = Release|Any CPU
		{B14ABA5D-8CA0-4C4E-B66A-DEC431A4F505}.Release|x64.ActiveCfg = Release|Any CPU
		{B14ABA5D-8CA0-4C4E-B66A-DEC431A4F505}.Release|x64.Build.0 = Release|Any CPU
		{B14ABA5D-8CA0-4C4E-B66A-DEC431A4F505}.Release|x86.ActiveCfg = Release|Any CPU
		{B14ABA5D-8CA0-4C4E-B66A-DEC431A4F505}.Release|x86.Build.0 = Release|Any CPU
		{8794DBD7-D8B3-4679-A63D-5000D1200A0C}.Debug|Any CPU.ActiveCfg = Debug|Any CPU
		{8794DBD7-D8B3-4679-A63D-5000D1200A0C}.Debug|Any CPU.Build.0 = Debug|Any CPU
		{8794DBD7-D8B3-4679-A63D-5000D1200A0C}.Debug|x64.ActiveCfg = Debug|Any CPU
		{8794DBD7-D8B3-4679-A63D-5000D1200A0C}.Debug|x64.Build.0 = Debug|Any CPU
		{8794DBD7-D8B3-4679-A63D-5000D1200A0C}.Debug|x86.ActiveCfg = Debug|Any CPU
		{8794DBD7-D8B3-4679-A63D-5000D1200A0C}.Debug|x86.Build.0 = Debug|Any CPU
		{8794DBD7-D8B3-4679-A63D-5000D1200A0C}.Release|Any CPU.ActiveCfg = Release|Any CPU
		{8794DBD7-D8B3-4679-A63D-5000D1200A0C}.Release|Any CPU.Build.0 = Release|Any CPU
		{8794DBD7-D8B3-4679-A63D-5000D1200A0C}.Release|x64.ActiveCfg = Release|Any CPU
		{8794DBD7-D8B3-4679-A63D-5000D1200A0C}.Release|x64.Build.0 = Release|Any CPU
		{8794DBD7-D8B3-4679-A63D-5000D1200A0C}.Release|x86.ActiveCfg = Release|Any CPU
		{8794DBD7-D8B3-4679-A63D-5000D1200A0C}.Release|x86.Build.0 = Release|Any CPU
		{98EFE346-03A9-4544-94B2-4A0EB91C815D}.Debug|Any CPU.ActiveCfg = Debug|Any CPU
		{98EFE346-03A9-4544-94B2-4A0EB91C815D}.Debug|Any CPU.Build.0 = Debug|Any CPU
		{98EFE346-03A9-4544-94B2-4A0EB91C815D}.Debug|x64.ActiveCfg = Debug|Any CPU
		{98EFE346-03A9-4544-94B2-4A0EB91C815D}.Debug|x64.Build.0 = Debug|Any CPU
		{98EFE346-03A9-4544-94B2-4A0EB91C815D}.Debug|x86.ActiveCfg = Debug|Any CPU
		{98EFE346-03A9-4544-94B2-4A0EB91C815D}.Debug|x86.Build.0 = Debug|Any CPU
		{98EFE346-03A9-4544-94B2-4A0EB91C815D}.Release|Any CPU.ActiveCfg = Release|Any CPU
		{98EFE346-03A9-4544-94B2-4A0EB91C815D}.Release|Any CPU.Build.0 = Release|Any CPU
		{98EFE346-03A9-4544-94B2-4A0EB91C815D}.Release|x64.ActiveCfg = Release|Any CPU
		{98EFE346-03A9-4544-94B2-4A0EB91C815D}.Release|x64.Build.0 = Release|Any CPU
		{98EFE346-03A9-4544-94B2-4A0EB91C815D}.Release|x86.ActiveCfg = Release|Any CPU
		{98EFE346-03A9-4544-94B2-4A0EB91C815D}.Release|x86.Build.0 = Release|Any CPU
		{7F22D718-1472-4F7A-AAB2-E38549927573}.Debug|Any CPU.ActiveCfg = Debug|Any CPU
		{7F22D718-1472-4F7A-AAB2-E38549927573}.Debug|Any CPU.Build.0 = Debug|Any CPU
		{7F22D718-1472-4F7A-AAB2-E38549927573}.Debug|x64.ActiveCfg = Debug|Any CPU
		{7F22D718-1472-4F7A-AAB2-E38549927573}.Debug|x64.Build.0 = Debug|Any CPU
		{7F22D718-1472-4F7A-AAB2-E38549927573}.Debug|x86.ActiveCfg = Debug|Any CPU
		{7F22D718-1472-4F7A-AAB2-E38549927573}.Debug|x86.Build.0 = Debug|Any CPU
		{7F22D718-1472-4F7A-AAB2-E38549927573}.Release|Any CPU.ActiveCfg = Release|Any CPU
		{7F22D718-1472-4F7A-AAB2-E38549927573}.Release|Any CPU.Build.0 = Release|Any CPU
		{7F22D718-1472-4F7A-AAB2-E38549927573}.Release|x64.ActiveCfg = Release|Any CPU
		{7F22D718-1472-4F7A-AAB2-E38549927573}.Release|x64.Build.0 = Release|Any CPU
		{7F22D718-1472-4F7A-AAB2-E38549927573}.Release|x86.ActiveCfg = Release|Any CPU
		{7F22D718-1472-4F7A-AAB2-E38549927573}.Release|x86.Build.0 = Release|Any CPU
		{D7C2BECB-BED2-4227-8ED7-5758B8E48482}.Debug|Any CPU.ActiveCfg = Debug|Any CPU
		{D7C2BECB-BED2-4227-8ED7-5758B8E48482}.Debug|Any CPU.Build.0 = Debug|Any CPU
		{D7C2BECB-BED2-4227-8ED7-5758B8E48482}.Debug|x64.ActiveCfg = Debug|Any CPU
		{D7C2BECB-BED2-4227-8ED7-5758B8E48482}.Debug|x64.Build.0 = Debug|Any CPU
		{D7C2BECB-BED2-4227-8ED7-5758B8E48482}.Debug|x86.ActiveCfg = Debug|Any CPU
		{D7C2BECB-BED2-4227-8ED7-5758B8E48482}.Debug|x86.Build.0 = Debug|Any CPU
		{D7C2BECB-BED2-4227-8ED7-5758B8E48482}.Release|Any CPU.ActiveCfg = Release|Any CPU
		{D7C2BECB-BED2-4227-8ED7-5758B8E48482}.Release|Any CPU.Build.0 = Release|Any CPU
		{D7C2BECB-BED2-4227-8ED7-5758B8E48482}.Release|x64.ActiveCfg = Release|Any CPU
		{D7C2BECB-BED2-4227-8ED7-5758B8E48482}.Release|x64.Build.0 = Release|Any CPU
		{D7C2BECB-BED2-4227-8ED7-5758B8E48482}.Release|x86.ActiveCfg = Release|Any CPU
		{D7C2BECB-BED2-4227-8ED7-5758B8E48482}.Release|x86.Build.0 = Release|Any CPU
	EndGlobalSection
	GlobalSection(SolutionProperties) = preSolution
		HideSolutionNode = FALSE
	EndGlobalSection
	GlobalSection(NestedProjects) = preSolution
		{C9F41709-3DA0-4741-9181-FA14A0F370E0} = {827E0CD3-B72D-47B6-A68D-7590B98EB39B}
		{D6349A20-1875-4061-9933-8341768D8C5B} = {827E0CD3-B72D-47B6-A68D-7590B98EB39B}
		{C582C4B3-FCF7-4CDE-A294-1C8DD8753FD9} = {827E0CD3-B72D-47B6-A68D-7590B98EB39B}
		{77192E18-7896-493A-84AF-7478FFE38FAF} = {827E0CD3-B72D-47B6-A68D-7590B98EB39B}
		{7AD34039-25D4-4EB0-8B1A-762BE6F6D7F0} = {827E0CD3-B72D-47B6-A68D-7590B98EB39B}
		{A54C54E0-C975-4757-8343-C55C111F4871} = {827E0CD3-B72D-47B6-A68D-7590B98EB39B}
		{B14ABA5D-8CA0-4C4E-B66A-DEC431A4F505} = {827E0CD3-B72D-47B6-A68D-7590B98EB39B}
		{8794DBD7-D8B3-4679-A63D-5000D1200A0C} = {827E0CD3-B72D-47B6-A68D-7590B98EB39B}
		{98EFE346-03A9-4544-94B2-4A0EB91C815D} = {827E0CD3-B72D-47B6-A68D-7590B98EB39B}
		{7F22D718-1472-4F7A-AAB2-E38549927573} = {0AB3BF05-4346-4AA6-1389-037BE0695223}
		{D7C2BECB-BED2-4227-8ED7-5758B8E48482} = {0AB3BF05-4346-4AA6-1389-037BE0695223}
	EndGlobalSection
EndGlobal
